// !$*UTF8*$!
{
	archiveVersion = 1;
	classes = {
	};
	objectVersion = 50;
	objects = {

/* Begin PBXBuildFile section */
		3805FC2221E0E4D10055883A /* AppDelegate.swift in Sources */ = {isa = PBXBuildFile; fileRef = 3805FC2121E0E4D10055883A /* AppDelegate.swift */; };
		3805FC2421E0E4D10055883A /* ViewController.swift in Sources */ = {isa = PBXBuildFile; fileRef = 3805FC2321E0E4D10055883A /* ViewController.swift */; };
		3805FC2721E0E4D10055883A /* Main.storyboard in Resources */ = {isa = PBXBuildFile; fileRef = 3805FC2521E0E4D10055883A /* Main.storyboard */; };
		3805FC2921E0E4D20055883A /* Assets.xcassets in Resources */ = {isa = PBXBuildFile; fileRef = 3805FC2821E0E4D20055883A /* Assets.xcassets */; };
		3805FC2C21E0E4D20055883A /* LaunchScreen.storyboard in Resources */ = {isa = PBXBuildFile; fileRef = 3805FC2A21E0E4D20055883A /* LaunchScreen.storyboard */; };
		3805FC3721E0E4D20055883A /* MayTheForceTests.swift in Sources */ = {isa = PBXBuildFile; fileRef = 3805FC3621E0E4D20055883A /* MayTheForceTests.swift */; };
		3805FC4321E0E4F00055883A /* Person.swift in Sources */ = {isa = PBXBuildFile; fileRef = 3805FC4121E0E4F00055883A /* Person.swift */; };
		3805FC4421E0E4F00055883A /* StarWars.swift in Sources */ = {isa = PBXBuildFile; fileRef = 3805FC4221E0E4F00055883A /* StarWars.swift */; };
		3805FC4621E0E5020055883A /* people.json in Resources */ = {isa = PBXBuildFile; fileRef = 3805FC4521E0E5020055883A /* people.json */; };
		3805FC4821E0E50D0055883A /* NetworkLayer.swift in Sources */ = {isa = PBXBuildFile; fileRef = 3805FC4721E0E50D0055883A /* NetworkLayer.swift */; };
		3805FC9021E339390055883A /* Planet.swift in Sources */ = {isa = PBXBuildFile; fileRef = 3805FC8F21E339390055883A /* Planet.swift */; };
		3805FC9221E33E030055883A /* Utils.swift in Sources */ = {isa = PBXBuildFile; fileRef = 3805FC9121E33E030055883A /* Utils.swift */; };
		3805FC9A21EB677B0055883A /* Launch Screen.storyboard in Resources */ = {isa = PBXBuildFile; fileRef = 3805FC9921EB677B0055883A /* Launch Screen.storyboard */; };
		3805FC9C21EB728A0055883A /* PeopleListViewController.swift in Sources */ = {isa = PBXBuildFile; fileRef = 3805FC9B21EB728A0055883A /* PeopleListViewController.swift */; };
		3805FCA621EC7E6A0055883A /* PeopleListViewController.xib in Resources */ = {isa = PBXBuildFile; fileRef = 3805FCA521EC7E6A0055883A /* PeopleListViewController.xib */; };
		3805FCAB21EC81E30055883A /* PeopleViewCell.swift in Sources */ = {isa = PBXBuildFile; fileRef = 3805FCA921EC81E30055883A /* PeopleViewCell.swift */; };
		3805FCAC21EC81E30055883A /* PeopleViewCell.xib in Resources */ = {isa = PBXBuildFile; fileRef = 3805FCAA21EC81E30055883A /* PeopleViewCell.xib */; };
		9D0C11F49384D2BD8644C8FA /* Pods_MayTheForceTests.framework in Frameworks */ = {isa = PBXBuildFile; fileRef = 8B4295113BB47AEC02960026 /* Pods_MayTheForceTests.framework */; };
		EE5AEAE2860F9AE7090A8633 /* Pods_MayTheForce.framework in Frameworks */ = {isa = PBXBuildFile; fileRef = 311872A2C756FF8A7CA386B8 /* Pods_MayTheForce.framework */; };
/* End PBXBuildFile section */

/* Begin PBXContainerItemProxy section */
		3805FC3321E0E4D20055883A /* PBXContainerItemProxy */ = {
			isa = PBXContainerItemProxy;
			containerPortal = 3805FC1621E0E4D10055883A /* Project object */;
			proxyType = 1;
			remoteGlobalIDString = 3805FC1D21E0E4D10055883A;
			remoteInfo = MayTheForce;
		};
/* End PBXContainerItemProxy section */

/* Begin PBXFileReference section */
		30099DA20B7CFC2190510F62 /* Pods-MayTheForce.debug.xcconfig */ = {isa = PBXFileReference; includeInIndex = 1; lastKnownFileType = text.xcconfig; name = "Pods-MayTheForce.debug.xcconfig"; path = "Pods/Target Support Files/Pods-MayTheForce/Pods-MayTheForce.debug.xcconfig"; sourceTree = "<group>"; };
		311872A2C756FF8A7CA386B8 /* Pods_MayTheForce.framework */ = {isa = PBXFileReference; explicitFileType = wrapper.framework; includeInIndex = 0; path = Pods_MayTheForce.framework; sourceTree = BUILT_PRODUCTS_DIR; };
		3805FC1E21E0E4D10055883A /* MayTheForce.app */ = {isa = PBXFileReference; explicitFileType = wrapper.application; includeInIndex = 0; path = MayTheForce.app; sourceTree = BUILT_PRODUCTS_DIR; };
		3805FC2121E0E4D10055883A /* AppDelegate.swift */ = {isa = PBXFileReference; lastKnownFileType = sourcecode.swift; path = AppDelegate.swift; sourceTree = "<group>"; };
		3805FC2321E0E4D10055883A /* ViewController.swift */ = {isa = PBXFileReference; lastKnownFileType = sourcecode.swift; path = ViewController.swift; sourceTree = "<group>"; };
		3805FC2621E0E4D10055883A /* Base */ = {isa = PBXFileReference; lastKnownFileType = file.storyboard; name = Base; path = Base.lproj/Main.storyboard; sourceTree = "<group>"; };
		3805FC2821E0E4D20055883A /* Assets.xcassets */ = {isa = PBXFileReference; lastKnownFileType = folder.assetcatalog; path = Assets.xcassets; sourceTree = "<group>"; };
		3805FC2B21E0E4D20055883A /* Base */ = {isa = PBXFileReference; lastKnownFileType = file.storyboard; name = Base; path = Base.lproj/LaunchScreen.storyboard; sourceTree = "<group>"; };
		3805FC2D21E0E4D20055883A /* Info.plist */ = {isa = PBXFileReference; lastKnownFileType = text.plist.xml; path = Info.plist; sourceTree = "<group>"; };
		3805FC3221E0E4D20055883A /* MayTheForceTests.xctest */ = {isa = PBXFileReference; explicitFileType = wrapper.cfbundle; includeInIndex = 0; path = MayTheForceTests.xctest; sourceTree = BUILT_PRODUCTS_DIR; };
		3805FC3621E0E4D20055883A /* MayTheForceTests.swift */ = {isa = PBXFileReference; lastKnownFileType = sourcecode.swift; path = MayTheForceTests.swift; sourceTree = "<group>"; };
		3805FC3821E0E4D20055883A /* Info.plist */ = {isa = PBXFileReference; lastKnownFileType = text.plist.xml; path = Info.plist; sourceTree = "<group>"; };
		3805FC4121E0E4F00055883A /* Person.swift */ = {isa = PBXFileReference; fileEncoding = 4; lastKnownFileType = sourcecode.swift; path = Person.swift; sourceTree = "<group>"; };
		3805FC4221E0E4F00055883A /* StarWars.swift */ = {isa = PBXFileReference; fileEncoding = 4; lastKnownFileType = sourcecode.swift; path = StarWars.swift; sourceTree = "<group>"; };
		3805FC4521E0E5020055883A /* people.json */ = {isa = PBXFileReference; fileEncoding = 4; lastKnownFileType = text.json; path = people.json; sourceTree = "<group>"; };
		3805FC4721E0E50D0055883A /* NetworkLayer.swift */ = {isa = PBXFileReference; fileEncoding = 4; lastKnownFileType = sourcecode.swift; path = NetworkLayer.swift; sourceTree = "<group>"; };
		3805FC8F21E339390055883A /* Planet.swift */ = {isa = PBXFileReference; lastKnownFileType = sourcecode.swift; path = Planet.swift; sourceTree = "<group>"; };
		3805FC9121E33E030055883A /* Utils.swift */ = {isa = PBXFileReference; lastKnownFileType = sourcecode.swift; path = Utils.swift; sourceTree = "<group>"; };
		3805FC9921EB677B0055883A /* Launch Screen.storyboard */ = {isa = PBXFileReference; lastKnownFileType = file.storyboard; path = "Launch Screen.storyboard"; sourceTree = "<group>"; };
		3805FC9B21EB728A0055883A /* PeopleListViewController.swift */ = {isa = PBXFileReference; lastKnownFileType = sourcecode.swift; path = PeopleListViewController.swift; sourceTree = "<group>"; };
		3805FCA521EC7E6A0055883A /* PeopleListViewController.xib */ = {isa = PBXFileReference; lastKnownFileType = file.xib; path = PeopleListViewController.xib; sourceTree = "<group>"; };
		3805FCA921EC81E30055883A /* PeopleViewCell.swift */ = {isa = PBXFileReference; lastKnownFileType = sourcecode.swift; path = PeopleViewCell.swift; sourceTree = "<group>"; };
		3805FCAA21EC81E30055883A /* PeopleViewCell.xib */ = {isa = PBXFileReference; lastKnownFileType = file.xib; path = PeopleViewCell.xib; sourceTree = "<group>"; };
		3E311170FD3BB73D8BFEF404 /* Pods-MayTheForceTests.debug.xcconfig */ = {isa = PBXFileReference; includeInIndex = 1; lastKnownFileType = text.xcconfig; name = "Pods-MayTheForceTests.debug.xcconfig"; path = "Pods/Target Support Files/Pods-MayTheForceTests/Pods-MayTheForceTests.debug.xcconfig"; sourceTree = "<group>"; };
		4161D4462F1CBFD6C7EF391C /* Pods-MayTheForceTests.release.xcconfig */ = {isa = PBXFileReference; includeInIndex = 1; lastKnownFileType = text.xcconfig; name = "Pods-MayTheForceTests.release.xcconfig"; path = "Pods/Target Support Files/Pods-MayTheForceTests/Pods-MayTheForceTests.release.xcconfig"; sourceTree = "<group>"; };
		8B4295113BB47AEC02960026 /* Pods_MayTheForceTests.framework */ = {isa = PBXFileReference; explicitFileType = wrapper.framework; includeInIndex = 0; path = Pods_MayTheForceTests.framework; sourceTree = BUILT_PRODUCTS_DIR; };
		9CD5336A7F1D9BD8DDFCCADD /* Pods-MayTheForce.release.xcconfig */ = {isa = PBXFileReference; includeInIndex = 1; lastKnownFileType = text.xcconfig; name = "Pods-MayTheForce.release.xcconfig"; path = "Pods/Target Support Files/Pods-MayTheForce/Pods-MayTheForce.release.xcconfig"; sourceTree = "<group>"; };
/* End PBXFileReference section */

/* Begin PBXFrameworksBuildPhase section */
		3805FC1B21E0E4D10055883A /* Frameworks */ = {
			isa = PBXFrameworksBuildPhase;
			buildActionMask = 2147483647;
			files = (
				EE5AEAE2860F9AE7090A8633 /* Pods_MayTheForce.framework in Frameworks */,
			);
			runOnlyForDeploymentPostprocessing = 0;
		};
		3805FC2F21E0E4D20055883A /* Frameworks */ = {
			isa = PBXFrameworksBuildPhase;
			buildActionMask = 2147483647;
			files = (
				9D0C11F49384D2BD8644C8FA /* Pods_MayTheForceTests.framework in Frameworks */,
			);
			runOnlyForDeploymentPostprocessing = 0;
		};
/* End PBXFrameworksBuildPhase section */

/* Begin PBXGroup section */
		3805FC1521E0E4D10055883A = {
			isa = PBXGroup;
			children = (
				3805FC2021E0E4D10055883A /* MayTheForce */,
				3805FC3521E0E4D20055883A /* MayTheForceTests */,
				3805FC1F21E0E4D10055883A /* Products */,
				846D09475E4BEEA9A9E1F579 /* Pods */,
				3D8FB4811395E1C1DEF22C17 /* Frameworks */,
			);
			sourceTree = "<group>";
		};
		3805FC1F21E0E4D10055883A /* Products */ = {
			isa = PBXGroup;
			children = (
				3805FC1E21E0E4D10055883A /* MayTheForce.app */,
				3805FC3221E0E4D20055883A /* MayTheForceTests.xctest */,
			);
			name = Products;
			sourceTree = "<group>";
		};
		3805FC2021E0E4D10055883A /* MayTheForce */ = {
			isa = PBXGroup;
			children = (
				3805FC4721E0E50D0055883A /* NetworkLayer.swift */,
				3805FC4521E0E5020055883A /* people.json */,
				3805FC4121E0E4F00055883A /* Person.swift */,
				3805FC4221E0E4F00055883A /* StarWars.swift */,
				3805FC8F21E339390055883A /* Planet.swift */,
				3805FC2121E0E4D10055883A /* AppDelegate.swift */,
				3805FC2321E0E4D10055883A /* ViewController.swift */,
				3805FC2521E0E4D10055883A /* Main.storyboard */,
				3805FC2821E0E4D20055883A /* Assets.xcassets */,
				3805FC2A21E0E4D20055883A /* LaunchScreen.storyboard */,
				3805FC2D21E0E4D20055883A /* Info.plist */,
				3805FC9121E33E030055883A /* Utils.swift */,
				3805FC9921EB677B0055883A /* Launch Screen.storyboard */,
				3805FC9B21EB728A0055883A /* PeopleListViewController.swift */,
				3805FCA521EC7E6A0055883A /* PeopleListViewController.xib */,
				3805FCA921EC81E30055883A /* PeopleViewCell.swift */,
				3805FCAA21EC81E30055883A /* PeopleViewCell.xib */,
			);
			path = MayTheForce;
			sourceTree = "<group>";
		};
		3805FC3521E0E4D20055883A /* MayTheForceTests */ = {
			isa = PBXGroup;
			children = (
				3805FC3621E0E4D20055883A /* MayTheForceTests.swift */,
				3805FC3821E0E4D20055883A /* Info.plist */,
			);
			path = MayTheForceTests;
			sourceTree = "<group>";
		};
		3D8FB4811395E1C1DEF22C17 /* Frameworks */ = {
			isa = PBXGroup;
			children = (
				311872A2C756FF8A7CA386B8 /* Pods_MayTheForce.framework */,
				8B4295113BB47AEC02960026 /* Pods_MayTheForceTests.framework */,
			);
			name = Frameworks;
			sourceTree = "<group>";
		};
		846D09475E4BEEA9A9E1F579 /* Pods */ = {
			isa = PBXGroup;
			children = (
				30099DA20B7CFC2190510F62 /* Pods-MayTheForce.debug.xcconfig */,
				9CD5336A7F1D9BD8DDFCCADD /* Pods-MayTheForce.release.xcconfig */,
				3E311170FD3BB73D8BFEF404 /* Pods-MayTheForceTests.debug.xcconfig */,
				4161D4462F1CBFD6C7EF391C /* Pods-MayTheForceTests.release.xcconfig */,
			);
			name = Pods;
			sourceTree = "<group>";
		};
/* End PBXGroup section */

/* Begin PBXNativeTarget section */
		3805FC1D21E0E4D10055883A /* MayTheForce */ = {
			isa = PBXNativeTarget;
			buildConfigurationList = 3805FC3B21E0E4D20055883A /* Build configuration list for PBXNativeTarget "MayTheForce" */;
			buildPhases = (
				4E8D810D06D53EA4E22B0DD6 /* [CP] Check Pods Manifest.lock */,
				3805FC1A21E0E4D10055883A /* Sources */,
				3805FC1B21E0E4D10055883A /* Frameworks */,
				3805FC1C21E0E4D10055883A /* Resources */,
				DDC43779E41D4865407DA019 /* [CP] Embed Pods Frameworks */,
			);
			buildRules = (
			);
			dependencies = (
			);
			name = MayTheForce;
			productName = MayTheForce;
			productReference = 3805FC1E21E0E4D10055883A /* MayTheForce.app */;
			productType = "com.apple.product-type.application";
		};
		3805FC3121E0E4D20055883A /* MayTheForceTests */ = {
			isa = PBXNativeTarget;
			buildConfigurationList = 3805FC3E21E0E4D20055883A /* Build configuration list for PBXNativeTarget "MayTheForceTests" */;
			buildPhases = (
				3F47BA4190B0BB4B71FFC3C8 /* [CP] Check Pods Manifest.lock */,
				3805FC2E21E0E4D20055883A /* Sources */,
				3805FC2F21E0E4D20055883A /* Frameworks */,
				3805FC3021E0E4D20055883A /* Resources */,
			);
			buildRules = (
			);
			dependencies = (
				3805FC3421E0E4D20055883A /* PBXTargetDependency */,
			);
			name = MayTheForceTests;
			productName = MayTheForceTests;
			productReference = 3805FC3221E0E4D20055883A /* MayTheForceTests.xctest */;
			productType = "com.apple.product-type.bundle.unit-test";
		};
/* End PBXNativeTarget section */

/* Begin PBXProject section */
		3805FC1621E0E4D10055883A /* Project object */ = {
			isa = PBXProject;
			attributes = {
				LastSwiftUpdateCheck = 1010;
				LastUpgradeCheck = 1010;
				ORGANIZATIONNAME = "Vania Radmila Alfitri";
				TargetAttributes = {
					3805FC1D21E0E4D10055883A = {
						CreatedOnToolsVersion = 10.1;
					};
					3805FC3121E0E4D20055883A = {
						CreatedOnToolsVersion = 10.1;
						TestTargetID = 3805FC1D21E0E4D10055883A;
					};
				};
			};
			buildConfigurationList = 3805FC1921E0E4D10055883A /* Build configuration list for PBXProject "MayTheForce" */;
			compatibilityVersion = "Xcode 9.3";
			developmentRegion = en;
			hasScannedForEncodings = 0;
			knownRegions = (
				en,
				Base,
			);
			mainGroup = 3805FC1521E0E4D10055883A;
			productRefGroup = 3805FC1F21E0E4D10055883A /* Products */;
			projectDirPath = "";
			projectRoot = "";
			targets = (
				3805FC1D21E0E4D10055883A /* MayTheForce */,
				3805FC3121E0E4D20055883A /* MayTheForceTests */,
			);
		};
/* End PBXProject section */

/* Begin PBXResourcesBuildPhase section */
		3805FC1C21E0E4D10055883A /* Resources */ = {
			isa = PBXResourcesBuildPhase;
			buildActionMask = 2147483647;
			files = (
				3805FC4621E0E5020055883A /* people.json in Resources */,
				3805FCAC21EC81E30055883A /* PeopleViewCell.xib in Resources */,
				3805FC2C21E0E4D20055883A /* LaunchScreen.storyboard in Resources */,
				3805FC2921E0E4D20055883A /* Assets.xcassets in Resources */,
				3805FC9A21EB677B0055883A /* Launch Screen.storyboard in Resources */,
				3805FC2721E0E4D10055883A /* Main.storyboard in Resources */,
				3805FCA621EC7E6A0055883A /* PeopleListViewController.xib in Resources */,
			);
			runOnlyForDeploymentPostprocessing = 0;
		};
		3805FC3021E0E4D20055883A /* Resources */ = {
			isa = PBXResourcesBuildPhase;
			buildActionMask = 2147483647;
			files = (
			);
			runOnlyForDeploymentPostprocessing = 0;
		};
/* End PBXResourcesBuildPhase section */

/* Begin PBXShellScriptBuildPhase section */
		3F47BA4190B0BB4B71FFC3C8 /* [CP] Check Pods Manifest.lock */ = {
			isa = PBXShellScriptBuildPhase;
			buildActionMask = 2147483647;
			files = (
			);
			inputPaths = (
				"${PODS_PODFILE_DIR_PATH}/Podfile.lock",
				"${PODS_ROOT}/Manifest.lock",
			);
			name = "[CP] Check Pods Manifest.lock";
			outputPaths = (
				"$(DERIVED_FILE_DIR)/Pods-MayTheForceTests-checkManifestLockResult.txt",
			);
			runOnlyForDeploymentPostprocessing = 0;
			shellPath = /bin/sh;
			shellScript = "diff \"${PODS_PODFILE_DIR_PATH}/Podfile.lock\" \"${PODS_ROOT}/Manifest.lock\" > /dev/null\nif [ $? != 0 ] ; then\n    # print error to STDERR\n    echo \"error: The sandbox is not in sync with the Podfile.lock. Run 'pod install' or update your CocoaPods installation.\" >&2\n    exit 1\nfi\n# This output is used by Xcode 'outputs' to avoid re-running this script phase.\necho \"SUCCESS\" > \"${SCRIPT_OUTPUT_FILE_0}\"\n";
			showEnvVarsInLog = 0;
		};
		4E8D810D06D53EA4E22B0DD6 /* [CP] Check Pods Manifest.lock */ = {
			isa = PBXShellScriptBuildPhase;
			buildActionMask = 2147483647;
			files = (
			);
			inputPaths = (
				"${PODS_PODFILE_DIR_PATH}/Podfile.lock",
				"${PODS_ROOT}/Manifest.lock",
			);
			name = "[CP] Check Pods Manifest.lock";
			outputPaths = (
				"$(DERIVED_FILE_DIR)/Pods-MayTheForce-checkManifestLockResult.txt",
			);
			runOnlyForDeploymentPostprocessing = 0;
			shellPath = /bin/sh;
			shellScript = "diff \"${PODS_PODFILE_DIR_PATH}/Podfile.lock\" \"${PODS_ROOT}/Manifest.lock\" > /dev/null\nif [ $? != 0 ] ; then\n    # print error to STDERR\n    echo \"error: The sandbox is not in sync with the Podfile.lock. Run 'pod install' or update your CocoaPods installation.\" >&2\n    exit 1\nfi\n# This output is used by Xcode 'outputs' to avoid re-running this script phase.\necho \"SUCCESS\" > \"${SCRIPT_OUTPUT_FILE_0}\"\n";
			showEnvVarsInLog = 0;
		};
		DDC43779E41D4865407DA019 /* [CP] Embed Pods Frameworks */ = {
			isa = PBXShellScriptBuildPhase;
			buildActionMask = 2147483647;
			files = (
			);
			inputPaths = (
				"${SRCROOT}/Pods/Target Support Files/Pods-MayTheForce/Pods-MayTheForce-frameworks.sh",
				"${BUILT_PRODUCTS_DIR}/Kingfisher/Kingfisher.framework",
			);
			name = "[CP] Embed Pods Frameworks";
			outputPaths = (
				"${TARGET_BUILD_DIR}/${FRAMEWORKS_FOLDER_PATH}/Kingfisher.framework",
			);
			runOnlyForDeploymentPostprocessing = 0;
			shellPath = /bin/sh;
			shellScript = "\"${SRCROOT}/Pods/Target Support Files/Pods-MayTheForce/Pods-MayTheForce-frameworks.sh\"\n";
			showEnvVarsInLog = 0;
		};
/* End PBXShellScriptBuildPhase section */

/* Begin PBXSourcesBuildPhase section */
		3805FC1A21E0E4D10055883A /* Sources */ = {
			isa = PBXSourcesBuildPhase;
			buildActionMask = 2147483647;
			files = (
				3805FC4421E0E4F00055883A /* StarWars.swift in Sources */,
				3805FC9C21EB728A0055883A /* PeopleListViewController.swift in Sources */,
				3805FC4321E0E4F00055883A /* Person.swift in Sources */,
				3805FC2421E0E4D10055883A /* ViewController.swift in Sources */,
				3805FC9021E339390055883A /* Planet.swift in Sources */,
				3805FC4821E0E50D0055883A /* NetworkLayer.swift in Sources */,
				3805FC2221E0E4D10055883A /* AppDelegate.swift in Sources */,
				3805FC9221E33E030055883A /* Utils.swift in Sources */,
				3805FCAB21EC81E30055883A /* PeopleViewCell.swift in Sources */,
			);
			runOnlyForDeploymentPostprocessing = 0;
		};
		3805FC2E21E0E4D20055883A /* Sources */ = {
			isa = PBXSourcesBuildPhase;
			buildActionMask = 2147483647;
			files = (
				3805FC3721E0E4D20055883A /* MayTheForceTests.swift in Sources */,
			);
			runOnlyForDeploymentPostprocessing = 0;
		};
/* End PBXSourcesBuildPhase section */

/* Begin PBXTargetDependency section */
		3805FC3421E0E4D20055883A /* PBXTargetDependency */ = {
			isa = PBXTargetDependency;
			target = 3805FC1D21E0E4D10055883A /* MayTheForce */;
			targetProxy = 3805FC3321E0E4D20055883A /* PBXContainerItemProxy */;
		};
/* End PBXTargetDependency section */

/* Begin PBXVariantGroup section */
		3805FC2521E0E4D10055883A /* Main.storyboard */ = {
			isa = PBXVariantGroup;
			children = (
				3805FC2621E0E4D10055883A /* Base */,
			);
			name = Main.storyboard;
			sourceTree = "<group>";
		};
		3805FC2A21E0E4D20055883A /* LaunchScreen.storyboard */ = {
			isa = PBXVariantGroup;
			children = (
				3805FC2B21E0E4D20055883A /* Base */,
			);
			name = LaunchScreen.storyboard;
			sourceTree = "<group>";
		};
/* End PBXVariantGroup section */

/* Begin XCBuildConfiguration section */
		3805FC3921E0E4D20055883A /* Debug */ = {
			isa = XCBuildConfiguration;
			buildSettings = {
				ALWAYS_SEARCH_USER_PATHS = NO;
				CLANG_ANALYZER_NONNULL = YES;
				CLANG_ANALYZER_NUMBER_OBJECT_CONVERSION = YES_AGGRESSIVE;
				CLANG_CXX_LANGUAGE_STANDARD = "gnu++14";
				CLANG_CXX_LIBRARY = "libc++";
				CLANG_ENABLE_MODULES = YES;
				CLANG_ENABLE_OBJC_ARC = YES;
				CLANG_ENABLE_OBJC_WEAK = YES;
				CLANG_WARN_BLOCK_CAPTURE_AUTORELEASING = YES;
				CLANG_WARN_BOOL_CONVERSION = YES;
				CLANG_WARN_COMMA = YES;
				CLANG_WARN_CONSTANT_CONVERSION = YES;
				CLANG_WARN_DEPRECATED_OBJC_IMPLEMENTATIONS = YES;
				CLANG_WARN_DIRECT_OBJC_ISA_USAGE = YES_ERROR;
				CLANG_WARN_DOCUMENTATION_COMMENTS = YES;
				CLANG_WARN_EMPTY_BODY = YES;
				CLANG_WARN_ENUM_CONVERSION = YES;
				CLANG_WARN_INFINITE_RECURSION = YES;
				CLANG_WARN_INT_CONVERSION = YES;
				CLANG_WARN_NON_LITERAL_NULL_CONVERSION = YES;
				CLANG_WARN_OBJC_IMPLICIT_RETAIN_SELF = YES;
				CLANG_WARN_OBJC_LITERAL_CONVERSION = YES;
				CLANG_WARN_OBJC_ROOT_CLASS = YES_ERROR;
				CLANG_WARN_RANGE_LOOP_ANALYSIS = YES;
				CLANG_WARN_STRICT_PROTOTYPES = YES;
				CLANG_WARN_SUSPICIOUS_MOVE = YES;
				CLANG_WARN_UNGUARDED_AVAILABILITY = YES_AGGRESSIVE;
				CLANG_WARN_UNREACHABLE_CODE = YES;
				CLANG_WARN__DUPLICATE_METHOD_MATCH = YES;
				CODE_SIGN_IDENTITY = "iPhone Developer";
				COPY_PHASE_STRIP = NO;
				DEBUG_INFORMATION_FORMAT = dwarf;
				ENABLE_STRICT_OBJC_MSGSEND = YES;
				ENABLE_TESTABILITY = YES;
				GCC_C_LANGUAGE_STANDARD = gnu11;
				GCC_DYNAMIC_NO_PIC = NO;
				GCC_NO_COMMON_BLOCKS = YES;
				GCC_OPTIMIZATION_LEVEL = 0;
				GCC_PREPROCESSOR_DEFINITIONS = (
					"DEBUG=1",
					"$(inherited)",
				);
				GCC_WARN_64_TO_32_BIT_CONVERSION = YES;
				GCC_WARN_ABOUT_RETURN_TYPE = YES_ERROR;
				GCC_WARN_UNDECLARED_SELECTOR = YES;
				GCC_WARN_UNINITIALIZED_AUTOS = YES_AGGRESSIVE;
				GCC_WARN_UNUSED_FUNCTION = YES;
				GCC_WARN_UNUSED_VARIABLE = YES;
				IPHONEOS_DEPLOYMENT_TARGET = 12.1;
				MTL_ENABLE_DEBUG_INFO = INCLUDE_SOURCE;
				MTL_FAST_MATH = YES;
				ONLY_ACTIVE_ARCH = YES;
				SDKROOT = iphoneos;
				SWIFT_ACTIVE_COMPILATION_CONDITIONS = DEBUG;
				SWIFT_OPTIMIZATION_LEVEL = "-Onone";
			};
			name = Debug;
		};
		3805FC3A21E0E4D20055883A /* Release */ = {
			isa = XCBuildConfiguration;
			buildSettings = {
				ALWAYS_SEARCH_USER_PATHS = NO;
				CLANG_ANALYZER_NONNULL = YES;
				CLANG_ANALYZER_NUMBER_OBJECT_CONVERSION = YES_AGGRESSIVE;
				CLANG_CXX_LANGUAGE_STANDARD = "gnu++14";
				CLANG_CXX_LIBRARY = "libc++";
				CLANG_ENABLE_MODULES = YES;
				CLANG_ENABLE_OBJC_ARC = YES;
				CLANG_ENABLE_OBJC_WEAK = YES;
				CLANG_WARN_BLOCK_CAPTURE_AUTORELEASING = YES;
				CLANG_WARN_BOOL_CONVERSION = YES;
				CLANG_WARN_COMMA = YES;
				CLANG_WARN_CONSTANT_CONVERSION = YES;
				CLANG_WARN_DEPRECATED_OBJC_IMPLEMENTATIONS = YES;
				CLANG_WARN_DIRECT_OBJC_ISA_USAGE = YES_ERROR;
				CLANG_WARN_DOCUMENTATION_COMMENTS = YES;
				CLANG_WARN_EMPTY_BODY = YES;
				CLANG_WARN_ENUM_CONVERSION = YES;
				CLANG_WARN_INFINITE_RECURSION = YES;
				CLANG_WARN_INT_CONVERSION = YES;
				CLANG_WARN_NON_LITERAL_NULL_CONVERSION = YES;
				CLANG_WARN_OBJC_IMPLICIT_RETAIN_SELF = YES;
				CLANG_WARN_OBJC_LITERAL_CONVERSION = YES;
				CLANG_WARN_OBJC_ROOT_CLASS = YES_ERROR;
				CLANG_WARN_RANGE_LOOP_ANALYSIS = YES;
				CLANG_WARN_STRICT_PROTOTYPES = YES;
				CLANG_WARN_SUSPICIOUS_MOVE = YES;
				CLANG_WARN_UNGUARDED_AVAILABILITY = YES_AGGRESSIVE;
				CLANG_WARN_UNREACHABLE_CODE = YES;
				CLANG_WARN__DUPLICATE_METHOD_MATCH = YES;
				CODE_SIGN_IDENTITY = "iPhone Developer";
				COPY_PHASE_STRIP = NO;
				DEBUG_INFORMATION_FORMAT = "dwarf-with-dsym";
				ENABLE_NS_ASSERTIONS = NO;
				ENABLE_STRICT_OBJC_MSGSEND = YES;
				GCC_C_LANGUAGE_STANDARD = gnu11;
				GCC_NO_COMMON_BLOCKS = YES;
				GCC_WARN_64_TO_32_BIT_CONVERSION = YES;
				GCC_WARN_ABOUT_RETURN_TYPE = YES_ERROR;
				GCC_WARN_UNDECLARED_SELECTOR = YES;
				GCC_WARN_UNINITIALIZED_AUTOS = YES_AGGRESSIVE;
				GCC_WARN_UNUSED_FUNCTION = YES;
				GCC_WARN_UNUSED_VARIABLE = YES;
				IPHONEOS_DEPLOYMENT_TARGET = 12.1;
				MTL_ENABLE_DEBUG_INFO = NO;
				MTL_FAST_MATH = YES;
				SDKROOT = iphoneos;
				SWIFT_COMPILATION_MODE = wholemodule;
				SWIFT_OPTIMIZATION_LEVEL = "-O";
				VALIDATE_PRODUCT = YES;
			};
			name = Release;
		};
		3805FC3C21E0E4D20055883A /* Debug */ = {
			isa = XCBuildConfiguration;
			baseConfigurationReference = 30099DA20B7CFC2190510F62 /* Pods-MayTheForce.debug.xcconfig */;
			buildSettings = {
				ASSETCATALOG_COMPILER_APPICON_NAME = AppIcon;
				CODE_SIGN_STYLE = Automatic;
				DEVELOPMENT_TEAM = 92C7HCR4TY;
				INFOPLIST_FILE = MayTheForce/Info.plist;
				IPHONEOS_DEPLOYMENT_TARGET = 12.0;
				LD_RUNPATH_SEARCH_PATHS = (
					"$(inherited)",
					"@executable_path/Frameworks",
				);
				PRODUCT_BUNDLE_IDENTIFIER = come.mila.TheForce.MayTheForce;
				PRODUCT_NAME = "$(TARGET_NAME)";
				SWIFT_VERSION = 4.2;
				TARGETED_DEVICE_FAMILY = "1,2";
			};
			name = Debug;
		};
		3805FC3D21E0E4D20055883A /* Release */ = {
			isa = XCBuildConfiguration;
			baseConfigurationReference = 9CD5336A7F1D9BD8DDFCCADD /* Pods-MayTheForce.release.xcconfig */;
			buildSettings = {
				ASSETCATALOG_COMPILER_APPICON_NAME = AppIcon;
				CODE_SIGN_STYLE = Automatic;
				DEVELOPMENT_TEAM = 92C7HCR4TY;
				INFOPLIST_FILE = MayTheForce/Info.plist;
				IPHONEOS_DEPLOYMENT_TARGET = 12.0;
				LD_RUNPATH_SEARCH_PATHS = (
					"$(inherited)",
					"@executable_path/Frameworks",
				);
				PRODUCT_BUNDLE_IDENTIFIER = come.mila.TheForce.MayTheForce;
				PRODUCT_NAME = "$(TARGET_NAME)";
				SWIFT_VERSION = 4.2;
				TARGETED_DEVICE_FAMILY = "1,2";
			};
			name = Release;
		};
		3805FC3F21E0E4D20055883A /* Debug */ = {
			isa = XCBuildConfiguration;
			baseConfigurationReference = 3E311170FD3BB73D8BFEF404 /* Pods-MayTheForceTests.debug.xcconfig */;
			buildSettings = {
				ALWAYS_EMBED_SWIFT_STANDARD_LIBRARIES = YES;
				BUNDLE_LOADER = "$(TEST_HOST)";
				CODE_SIGN_STYLE = Automatic;
				INFOPLIST_FILE = MayTheForceTests/Info.plist;
				LD_RUNPATH_SEARCH_PATHS = (
					"$(inherited)",
					"@executable_path/Frameworks",
					"@loader_path/Frameworks",
				);
				PRODUCT_BUNDLE_IDENTIFIER = come.mila.TheForce.MayTheForceTests;
				PRODUCT_NAME = "$(TARGET_NAME)";
				SWIFT_VERSION = 4.2;
				TARGETED_DEVICE_FAMILY = "1,2";
				TEST_HOST = "$(BUILT_PRODUCTS_DIR)/MayTheForce.app/MayTheForce";
			};
			name = Debug;
		};
		3805FC4021E0E4D20055883A /* Release */ = {
			isa = XCBuildConfiguration;
			baseConfigurationReference = 4161D4462F1CBFD6C7EF391C /* Pods-MayTheForceTests.release.xcconfig */;
			buildSettings = {
				ALWAYS_EMBED_SWIFT_STANDARD_LIBRARIES = YES;
				BUNDLE_LOADER = "$(TEST_HOST)";
				CODE_SIGN_STYLE = Automatic;
				INFOPLIST_FILE = MayTheForceTests/Info.plist;
				LD_RUNPATH_SEARCH_PATHS = (
					"$(inherited)",
					"@executable_path/Frameworks",
					"@loader_path/Frameworks",
				);
				PRODUCT_BUNDLE_IDENTIFIER = come.mila.TheForce.MayTheForceTests;
				PRODUCT_NAME = "$(TARGET_NAME)";
				SWIFT_VERSION = 4.2;
				TARGETED_DEVICE_FAMILY = "1,2";
				TEST_HOST = "$(BUILT_PRODUCTS_DIR)/MayTheForce.app/MayTheForce";
			};
			name = Release;
		};
/* End XCBuildConfiguration section */

/* Begin XCConfigurationList section */
		3805FC1921E0E4D10055883A /* Build configuration list for PBXProject "MayTheForce" */ = {
			isa = XCConfigurationList;
			buildConfigurations = (
				3805FC3921E0E4D20055883A /* Debug */,
				3805FC3A21E0E4D20055883A /* Release */,
			);
			defaultConfigurationIsVisible = 0;
			defaultConfigurationName = Release;
		};
		3805FC3B21E0E4D20055883A /* Build configuration list for PBXNativeTarget "MayTheForce" */ = {
			isa = XCConfigurationList;
			buildConfigurations = (
				3805FC3C21E0E4D20055883A /* Debug */,
				3805FC3D21E0E4D20055883A /* Release */,
			);
			defaultConfigurationIsVisible = 0;
			defaultConfigurationName = Release;
		};
		3805FC3E21E0E4D20055883A /* Build configuration list for PBXNativeTarget "MayTheForceTests" */ = {
			isa = XCConfigurationList;
			buildConfigurations = (
				3805FC3F21E0E4D20055883A /* Debug */,
				3805FC4021E0E4D20055883A /* Release */,
			);
			defaultConfigurationIsVisible = 0;
			defaultConfigurationName = Release;
		};
/* End XCConfigurationList section */
	};
	rootObject = 3805FC1621E0E4D10055883A /* Project object */;
}
